
Microsoft Visual Studio Solution File, Format Version 12.00
# Visual Studio Version 16
VisualStudioVersion = 16.0.29009.5
MinimumVisualStudioVersion = 10.0.40219.1
Project("{FAE04EC0-301F-11D3-BF4B-00C04F79EFBC}") = "CrudRestaurante", "CrudRestaurante.csproj", "{FBD7C0C2-CF57-4602-B967-2B361E760B58}"
EndProject
Global
	GlobalSection(SolutionConfigurationPlatforms) = preSolution
		Debug|Any CPU = Debug|Any CPU
		Release|Any CPU = Release|Any CPU
	EndGlobalSection
	GlobalSection(ProjectConfigurationPlatforms) = postSolution
		{FBD7C0C2-CF57-4602-B967-2B361E760B58}.Debug|Any CPU.ActiveCfg = Debug|Any CPU
		{FBD7C0C2-CF57-4602-B967-2B361E760B58}.Debug|Any CPU.Build.0 = Debug|Any CPU
		{FBD7C0C2-CF57-4602-B967-2B361E760B58}.Release|Any CPU.ActiveCfg = Release|Any CPU
		{FBD7C0C2-CF57-4602-B967-2B361E760B58}.Release|Any CPU.Build.0 = Release|Any CPU
	EndGlobalSection
	GlobalSection(SolutionProperties) = preSolution
		HideSolutionNode = FALSE
	EndGlobalSection
	GlobalSection(ExtensibilityGlobals) = postSolution
		SolutionGuid = {68E7AAB8-E660-4EC5-AE0A-4485B283BEF8}
	EndGlobalSection
EndGlobal
